// !$*UTF8*$!
{
	archiveVersion = 1;
	classes = {
	};
	objectVersion = 46;
	objects = {

/* Begin PBXBuildFile section */
		EC2745691A3041DF009BD40F /* avatar-placeholder.png in Resources */ = {isa = PBXBuildFile; fileRef = EC2745671A3041DF009BD40F /* avatar-placeholder.png */; };
		EC27456A1A3041DF009BD40F /* avatar-placeholder@2x.png in Resources */ = {isa = PBXBuildFile; fileRef = EC2745681A3041DF009BD40F /* avatar-placeholder@2x.png */; };
		EC27456C1A305635009BD40F /* avatar-heshang.png in Resources */ = {isa = PBXBuildFile; fileRef = EC27456B1A305635009BD40F /* avatar-heshang.png */; };
		EC27456E1A3058A2009BD40F /* avatar-women.png in Resources */ = {isa = PBXBuildFile; fileRef = EC27456D1A3058A2009BD40F /* avatar-women.png */; };
		EC3B599F1A315A4B00738865 /* ChatCellMessage.m in Sources */ = {isa = PBXBuildFile; fileRef = EC3B599E1A315A4B00738865 /* ChatCellMessage.m */; };
		EC3B59A21A3183EE00738865 /* ChatCellImageMessage.m in Sources */ = {isa = PBXBuildFile; fileRef = EC3B59A11A3183EE00738865 /* ChatCellImageMessage.m */; };
		EC3B59A41A318A2700738865 /* picture-1.png in Resources */ = {isa = PBXBuildFile; fileRef = EC3B59A31A318A2700738865 /* picture-1.png */; };
		EC3B59AA1A31B29B00738865 /* ChatBubbleTextCell.m in Sources */ = {isa = PBXBuildFile; fileRef = EC3B59A91A31B29B00738865 /* ChatBubbleTextCell.m */; };
		EC9F08561A2D96AB000CA332 /* AppDelegate.swift in Sources */ = {isa = PBXBuildFile; fileRef = EC9F08551A2D96AB000CA332 /* AppDelegate.swift */; };
		EC9F08581A2D96AB000CA332 /* ViewController.swift in Sources */ = {isa = PBXBuildFile; fileRef = EC9F08571A2D96AB000CA332 /* ViewController.swift */; };
		EC9F085B1A2D96AB000CA332 /* Main.storyboard in Resources */ = {isa = PBXBuildFile; fileRef = EC9F08591A2D96AB000CA332 /* Main.storyboard */; };
		EC9F085D1A2D96AB000CA332 /* Images.xcassets in Resources */ = {isa = PBXBuildFile; fileRef = EC9F085C1A2D96AB000CA332 /* Images.xcassets */; };
		EC9F08601A2D96AB000CA332 /* LaunchScreen.xib in Resources */ = {isa = PBXBuildFile; fileRef = EC9F085E1A2D96AB000CA332 /* LaunchScreen.xib */; };
		EC9F08791A2D9735000CA332 /* ChatTableViewCellTemplate.m in Sources */ = {isa = PBXBuildFile; fileRef = EC9F08781A2D9735000CA332 /* ChatTableViewCellTemplate.m */; };
		EC9F087C1A2D9997000CA332 /* ChatViewController.m in Sources */ = {isa = PBXBuildFile; fileRef = EC9F087B1A2D9997000CA332 /* ChatViewController.m */; };
		EC9F087F1A2D9FC7000CA332 /* ChatCellTextMessage.m in Sources */ = {isa = PBXBuildFile; fileRef = EC9F087E1A2D9FC7000CA332 /* ChatCellTextMessage.m */; };
		EC9F08861A2DA2AF000CA332 /* talk_pop_l_nor@2x.png in Resources */ = {isa = PBXBuildFile; fileRef = EC9F08821A2DA2AF000CA332 /* talk_pop_l_nor@2x.png */; };
		EC9F08871A2DA2AF000CA332 /* talk_pop_l_p@2x.png in Resources */ = {isa = PBXBuildFile; fileRef = EC9F08831A2DA2AF000CA332 /* talk_pop_l_p@2x.png */; };
		EC9F08881A2DA2AF000CA332 /* talk_pop_r_nor@2x.png in Resources */ = {isa = PBXBuildFile; fileRef = EC9F08841A2DA2AF000CA332 /* talk_pop_r_nor@2x.png */; };
		EC9F08891A2DA2AF000CA332 /* talk_pop_r_p@2x.png in Resources */ = {isa = PBXBuildFile; fileRef = EC9F08851A2DA2AF000CA332 /* talk_pop_r_p@2x.png */; };
		ECAC8DD91A329C8700AEDAF0 /* ChatBubbleImageCell.m in Sources */ = {isa = PBXBuildFile; fileRef = ECAC8DD81A329C8700AEDAF0 /* ChatBubbleImageCell.m */; };
		ECAC8E001A34738900AEDAF0 /* talk_pop_l_mask@2x.png in Resources */ = {isa = PBXBuildFile; fileRef = ECAC8DFE1A34738900AEDAF0 /* talk_pop_l_mask@2x.png */; };
		ECAC8E011A34738900AEDAF0 /* talk_pop_r_mask@2x.png in Resources */ = {isa = PBXBuildFile; fileRef = ECAC8DFF1A34738900AEDAF0 /* talk_pop_r_mask@2x.png */; };
		ECAC8E051A3478BA00AEDAF0 /* meinv.png in Resources */ = {isa = PBXBuildFile; fileRef = ECAC8E041A3478BA00AEDAF0 /* meinv.png */; };
		ECAC8E071A347B6100AEDAF0 /* picture-2.png in Resources */ = {isa = PBXBuildFile; fileRef = ECAC8E061A347B6100AEDAF0 /* picture-2.png */; };
		ECADBBF71A3549B000B5B399 /* UIImage+Resize.m in Sources */ = {isa = PBXBuildFile; fileRef = ECADBBF41A3549B000B5B399 /* UIImage+Resize.m */; };
		ECADBBF81A3549B000B5B399 /* UIImage+Utils.m in Sources */ = {isa = PBXBuildFile; fileRef = ECADBBF61A3549B000B5B399 /* UIImage+Utils.m */; };
/* End PBXBuildFile section */

/* Begin PBXFileReference section */
		EC2745671A3041DF009BD40F /* avatar-placeholder.png */ = {isa = PBXFileReference; lastKnownFileType = image.png; path = "avatar-placeholder.png"; sourceTree = "<group>"; };
		EC2745681A3041DF009BD40F /* avatar-placeholder@2x.png */ = {isa = PBXFileReference; lastKnownFileType = image.png; path = "avatar-placeholder@2x.png"; sourceTree = "<group>"; };
		EC27456B1A305635009BD40F /* avatar-heshang.png */ = {isa = PBXFileReference; lastKnownFileType = image.png; path = "avatar-heshang.png"; sourceTree = "<group>"; };
		EC27456D1A3058A2009BD40F /* avatar-women.png */ = {isa = PBXFileReference; lastKnownFileType = image.png; path = "avatar-women.png"; sourceTree = "<group>"; };
		EC3B599D1A315A4B00738865 /* ChatCellMessage.h */ = {isa = PBXFileReference; fileEncoding = 4; lastKnownFileType = sourcecode.c.h; path = ChatCellMessage.h; sourceTree = "<group>"; };
		EC3B599E1A315A4B00738865 /* ChatCellMessage.m */ = {isa = PBXFileReference; fileEncoding = 4; lastKnownFileType = sourcecode.c.objc; path = ChatCellMessage.m; sourceTree = "<group>"; };
		EC3B59A01A3183EE00738865 /* ChatCellImageMessage.h */ = {isa = PBXFileReference; fileEncoding = 4; lastKnownFileType = sourcecode.c.h; path = ChatCellImageMessage.h; sourceTree = "<group>"; };
		EC3B59A11A3183EE00738865 /* ChatCellImageMessage.m */ = {isa = PBXFileReference; fileEncoding = 4; lastKnownFileType = sourcecode.c.objc; path = ChatCellImageMessage.m; sourceTree = "<group>"; };
		EC3B59A31A318A2700738865 /* picture-1.png */ = {isa = PBXFileReference; lastKnownFileType = image.png; path = "picture-1.png"; sourceTree = "<group>"; };
		EC3B59A81A31B29B00738865 /* ChatBubbleTextCell.h */ = {isa = PBXFileReference; fileEncoding = 4; lastKnownFileType = sourcecode.c.h; path = ChatBubbleTextCell.h; sourceTree = "<group>"; };
		EC3B59A91A31B29B00738865 /* ChatBubbleTextCell.m */ = {isa = PBXFileReference; fileEncoding = 4; lastKnownFileType = sourcecode.c.objc; path = ChatBubbleTextCell.m; sourceTree = "<group>"; };
		EC9F08501A2D96AB000CA332 /* ChatDemo.app */ = {isa = PBXFileReference; explicitFileType = wrapper.application; includeInIndex = 0; path = ChatDemo.app; sourceTree = BUILT_PRODUCTS_DIR; };
		EC9F08541A2D96AB000CA332 /* Info.plist */ = {isa = PBXFileReference; lastKnownFileType = text.plist.xml; path = Info.plist; sourceTree = "<group>"; };
		EC9F08551A2D96AB000CA332 /* AppDelegate.swift */ = {isa = PBXFileReference; lastKnownFileType = sourcecode.swift; path = AppDelegate.swift; sourceTree = "<group>"; };
		EC9F08571A2D96AB000CA332 /* ViewController.swift */ = {isa = PBXFileReference; lastKnownFileType = sourcecode.swift; path = ViewController.swift; sourceTree = "<group>"; };
		EC9F085A1A2D96AB000CA332 /* Base */ = {isa = PBXFileReference; lastKnownFileType = file.storyboard; name = Base; path = Base.lproj/Main.storyboard; sourceTree = "<group>"; };
		EC9F085C1A2D96AB000CA332 /* Images.xcassets */ = {isa = PBXFileReference; lastKnownFileType = folder.assetcatalog; path = Images.xcassets; sourceTree = "<group>"; };
		EC9F085F1A2D96AB000CA332 /* Base */ = {isa = PBXFileReference; lastKnownFileType = file.xib; name = Base; path = Base.lproj/LaunchScreen.xib; sourceTree = "<group>"; };
		EC9F08771A2D9735000CA332 /* ChatTableViewCellTemplate.h */ = {isa = PBXFileReference; fileEncoding = 4; lastKnownFileType = sourcecode.c.h; path = ChatTableViewCellTemplate.h; sourceTree = "<group>"; };
		EC9F08781A2D9735000CA332 /* ChatTableViewCellTemplate.m */ = {isa = PBXFileReference; fileEncoding = 4; lastKnownFileType = sourcecode.c.objc; path = ChatTableViewCellTemplate.m; sourceTree = "<group>"; };
		EC9F087A1A2D9997000CA332 /* ChatViewController.h */ = {isa = PBXFileReference; fileEncoding = 4; lastKnownFileType = sourcecode.c.h; path = ChatViewController.h; sourceTree = "<group>"; };
		EC9F087B1A2D9997000CA332 /* ChatViewController.m */ = {isa = PBXFileReference; fileEncoding = 4; lastKnownFileType = sourcecode.c.objc; path = ChatViewController.m; sourceTree = "<group>"; };
		EC9F087D1A2D9FC7000CA332 /* ChatCellTextMessage.h */ = {isa = PBXFileReference; fileEncoding = 4; lastKnownFileType = sourcecode.c.h; path = ChatCellTextMessage.h; sourceTree = "<group>"; };
		EC9F087E1A2D9FC7000CA332 /* ChatCellTextMessage.m */ = {isa = PBXFileReference; fileEncoding = 4; lastKnownFileType = sourcecode.c.objc; path = ChatCellTextMessage.m; sourceTree = "<group>"; };
		EC9F08821A2DA2AF000CA332 /* talk_pop_l_nor@2x.png */ = {isa = PBXFileReference; lastKnownFileType = image.png; path = "talk_pop_l_nor@2x.png"; sourceTree = "<group>"; };
		EC9F08831A2DA2AF000CA332 /* talk_pop_l_p@2x.png */ = {isa = PBXFileReference; lastKnownFileType = image.png; path = "talk_pop_l_p@2x.png"; sourceTree = "<group>"; };
		EC9F08841A2DA2AF000CA332 /* talk_pop_r_nor@2x.png */ = {isa = PBXFileReference; lastKnownFileType = image.png; path = "talk_pop_r_nor@2x.png"; sourceTree = "<group>"; };
		EC9F08851A2DA2AF000CA332 /* talk_pop_r_p@2x.png */ = {isa = PBXFileReference; lastKnownFileType = image.png; path = "talk_pop_r_p@2x.png"; sourceTree = "<group>"; };
		EC9F088A1A2DA54A000CA332 /* Bridging-Header.h */ = {isa = PBXFileReference; lastKnownFileType = sourcecode.c.h; path = "Bridging-Header.h"; sourceTree = "<group>"; };
		ECAC8DD71A329C8700AEDAF0 /* ChatBubbleImageCell.h */ = {isa = PBXFileReference; fileEncoding = 4; lastKnownFileType = sourcecode.c.h; path = ChatBubbleImageCell.h; sourceTree = "<group>"; };
		ECAC8DD81A329C8700AEDAF0 /* ChatBubbleImageCell.m */ = {isa = PBXFileReference; fileEncoding = 4; lastKnownFileType = sourcecode.c.objc; path = ChatBubbleImageCell.m; sourceTree = "<group>"; };
		ECAC8DFE1A34738900AEDAF0 /* talk_pop_l_mask@2x.png */ = {isa = PBXFileReference; lastKnownFileType = image.png; path = "talk_pop_l_mask@2x.png"; sourceTree = "<group>"; };
		ECAC8DFF1A34738900AEDAF0 /* talk_pop_r_mask@2x.png */ = {isa = PBXFileReference; lastKnownFileType = image.png; path = "talk_pop_r_mask@2x.png"; sourceTree = "<group>"; };
		ECAC8E041A3478BA00AEDAF0 /* meinv.png */ = {isa = PBXFileReference; lastKnownFileType = image.png; path = meinv.png; sourceTree = "<group>"; };
		ECAC8E061A347B6100AEDAF0 /* picture-2.png */ = {isa = PBXFileReference; lastKnownFileType = image.png; path = "picture-2.png"; sourceTree = "<group>"; };
		ECADBBF31A3549B000B5B399 /* UIImage+Resize.h */ = {isa = PBXFileReference; fileEncoding = 4; lastKnownFileType = sourcecode.c.h; path = "UIImage+Resize.h"; sourceTree = "<group>"; };
		ECADBBF41A3549B000B5B399 /* UIImage+Resize.m */ = {isa = PBXFileReference; fileEncoding = 4; lastKnownFileType = sourcecode.c.objc; path = "UIImage+Resize.m"; sourceTree = "<group>"; };
		ECADBBF51A3549B000B5B399 /* UIImage+Utils.h */ = {isa = PBXFileReference; fileEncoding = 4; lastKnownFileType = sourcecode.c.h; name = "UIImage+Utils.h"; path = "Vendors/UIImage+Utils.h"; sourceTree = SOURCE_ROOT; };
		ECADBBF61A3549B000B5B399 /* UIImage+Utils.m */ = {isa = PBXFileReference; fileEncoding = 4; lastKnownFileType = sourcecode.c.objc; name = "UIImage+Utils.m"; path = "Vendors/UIImage+Utils.m"; sourceTree = SOURCE_ROOT; };
/* End PBXFileReference section */

/* Begin PBXFrameworksBuildPhase section */
		EC9F084D1A2D96AB000CA332 /* Frameworks */ = {
			isa = PBXFrameworksBuildPhase;
			buildActionMask = 2147483647;
			files = (
			);
			runOnlyForDeploymentPostprocessing = 0;
		};
/* End PBXFrameworksBuildPhase section */

/* Begin PBXGroup section */
		EC9F08471A2D96AB000CA332 = {
			isa = PBXGroup;
			children = (
				ECAC8DDA1A32A30800AEDAF0 /* Vendors */,
				EC9F08751A2D9715000CA332 /* ChatCell */,
				EC9F08521A2D96AB000CA332 /* ChatDemo */,
				EC9F08511A2D96AB000CA332 /* Products */,
			);
			sourceTree = "<group>";
		};
		EC9F08511A2D96AB000CA332 /* Products */ = {
			isa = PBXGroup;
			children = (
				EC9F08501A2D96AB000CA332 /* ChatDemo.app */,
			);
			name = Products;
			sourceTree = "<group>";
		};
		EC9F08521A2D96AB000CA332 /* ChatDemo */ = {
			isa = PBXGroup;
			children = (
				EC9F088A1A2DA54A000CA332 /* Bridging-Header.h */,
				EC9F08551A2D96AB000CA332 /* AppDelegate.swift */,
				EC9F08571A2D96AB000CA332 /* ViewController.swift */,
				EC9F08591A2D96AB000CA332 /* Main.storyboard */,
				EC9F085C1A2D96AB000CA332 /* Images.xcassets */,
				EC9F085E1A2D96AB000CA332 /* LaunchScreen.xib */,
				EC9F08531A2D96AB000CA332 /* Supporting Files */,
			);
			path = ChatDemo;
			sourceTree = "<group>";
		};
		EC9F08531A2D96AB000CA332 /* Supporting Files */ = {
			isa = PBXGroup;
			children = (
				EC9F08541A2D96AB000CA332 /* Info.plist */,
			);
			name = "Supporting Files";
			sourceTree = "<group>";
		};
		EC9F08751A2D9715000CA332 /* ChatCell */ = {
			isa = PBXGroup;
			children = (
				EC9F08811A2DA2AF000CA332 /* Resources */,
				EC9F08771A2D9735000CA332 /* ChatTableViewCellTemplate.h */,
				EC9F08781A2D9735000CA332 /* ChatTableViewCellTemplate.m */,
				EC3B59A81A31B29B00738865 /* ChatBubbleTextCell.h */,
				EC3B59A91A31B29B00738865 /* ChatBubbleTextCell.m */,
				ECAC8DD71A329C8700AEDAF0 /* ChatBubbleImageCell.h */,
				ECAC8DD81A329C8700AEDAF0 /* ChatBubbleImageCell.m */,
				EC9F087A1A2D9997000CA332 /* ChatViewController.h */,
				EC9F087B1A2D9997000CA332 /* ChatViewController.m */,
				EC3B599D1A315A4B00738865 /* ChatCellMessage.h */,
				EC3B599E1A315A4B00738865 /* ChatCellMessage.m */,
				EC9F087D1A2D9FC7000CA332 /* ChatCellTextMessage.h */,
				EC9F087E1A2D9FC7000CA332 /* ChatCellTextMessage.m */,
				EC3B59A01A3183EE00738865 /* ChatCellImageMessage.h */,
				EC3B59A11A3183EE00738865 /* ChatCellImageMessage.m */,
			);
			path = ChatCell;
			sourceTree = "<group>";
		};
		EC9F08811A2DA2AF000CA332 /* Resources */ = {
			isa = PBXGroup;
			children = (
				ECAC8E061A347B6100AEDAF0 /* picture-2.png */,
				ECAC8E041A3478BA00AEDAF0 /* meinv.png */,
				ECAC8DFE1A34738900AEDAF0 /* talk_pop_l_mask@2x.png */,
				ECAC8DFF1A34738900AEDAF0 /* talk_pop_r_mask@2x.png */,
				EC3B59A31A318A2700738865 /* picture-1.png */,
				EC27456D1A3058A2009BD40F /* avatar-women.png */,
				EC27456B1A305635009BD40F /* avatar-heshang.png */,
				EC2745671A3041DF009BD40F /* avatar-placeholder.png */,
				EC2745681A3041DF009BD40F /* avatar-placeholder@2x.png */,
				EC9F08821A2DA2AF000CA332 /* talk_pop_l_nor@2x.png */,
				EC9F08831A2DA2AF000CA332 /* talk_pop_l_p@2x.png */,
				EC9F08841A2DA2AF000CA332 /* talk_pop_r_nor@2x.png */,
				EC9F08851A2DA2AF000CA332 /* talk_pop_r_p@2x.png */,
			);
			path = Resources;
			sourceTree = "<group>";
		};
		ECAC8DDA1A32A30800AEDAF0 /* Vendors */ = {
			isa = PBXGroup;
			children = (
				ECADBBF01A3549B000B5B399 /* UIImage-Resize */,
				ECADBBF51A3549B000B5B399 /* UIImage+Utils.h */,
				ECADBBF61A3549B000B5B399 /* UIImage+Utils.m */,
			);
			name = Vendors;
			path = ../../Vendors;
			sourceTree = "<group>";
		};
		ECADBBF01A3549B000B5B399 /* UIImage-Resize */ = {
			isa = PBXGroup;
			children = (
				ECADBBF11A3549B000B5B399 /* Example */,
				ECADBBF31A3549B000B5B399 /* UIImage+Resize.h */,
				ECADBBF41A3549B000B5B399 /* UIImage+Resize.m */,
			);
			name = "UIImage-Resize";
			path = "Vendors/UIImage-Resize";
			sourceTree = SOURCE_ROOT;
		};
		ECADBBF11A3549B000B5B399 /* Example */ = {
			isa = PBXGroup;
			children = (
				ECADBBF21A3549B000B5B399 /* Classes */,
			);
			path = Example;
			sourceTree = "<group>";
		};
		ECADBBF21A3549B000B5B399 /* Classes */ = {
			isa = PBXGroup;
			children = (
			);
			path = Classes;
			sourceTree = "<group>";
		};
/* End PBXGroup section */

/* Begin PBXNativeTarget section */
		EC9F084F1A2D96AB000CA332 /* ChatDemo */ = {
			isa = PBXNativeTarget;
			buildConfigurationList = EC9F086F1A2D96AB000CA332 /* Build configuration list for PBXNativeTarget "ChatDemo" */;
			buildPhases = (
				EC9F084C1A2D96AB000CA332 /* Sources */,
				EC9F084D1A2D96AB000CA332 /* Frameworks */,
				EC9F084E1A2D96AB000CA332 /* Resources */,
			);
			buildRules = (
			);
			dependencies = (
			);
			name = ChatDemo;
			productName = ChatDemo;
			productReference = EC9F08501A2D96AB000CA332 /* ChatDemo.app */;
			productType = "com.apple.product-type.application";
		};
/* End PBXNativeTarget section */

/* Begin PBXProject section */
		EC9F08481A2D96AB000CA332 /* Project object */ = {
			isa = PBXProject;
			attributes = {
				LastUpgradeCheck = 0610;
				ORGANIZATIONNAME = "LIU CHONGLIANG";
				TargetAttributes = {
					EC9F084F1A2D96AB000CA332 = {
						CreatedOnToolsVersion = 6.1;
					};
				};
			};
			buildConfigurationList = EC9F084B1A2D96AB000CA332 /* Build configuration list for PBXProject "ChatDemo" */;
			compatibilityVersion = "Xcode 3.2";
			developmentRegion = English;
			hasScannedForEncodings = 0;
			knownRegions = (
				en,
				Base,
			);
			mainGroup = EC9F08471A2D96AB000CA332;
			productRefGroup = EC9F08511A2D96AB000CA332 /* Products */;
			projectDirPath = "";
			projectRoot = "";
			targets = (
				EC9F084F1A2D96AB000CA332 /* ChatDemo */,
			);
		};
/* End PBXProject section */

/* Begin PBXResourcesBuildPhase section */
		EC9F084E1A2D96AB000CA332 /* Resources */ = {
			isa = PBXResourcesBuildPhase;
			buildActionMask = 2147483647;
			files = (
				EC2745691A3041DF009BD40F /* avatar-placeholder.png in Resources */,
				ECAC8E011A34738900AEDAF0 /* talk_pop_r_mask@2x.png in Resources */,
				EC27456A1A3041DF009BD40F /* avatar-placeholder@2x.png in Resources */,
				ECAC8E051A3478BA00AEDAF0 /* meinv.png in Resources */,
				EC27456C1A305635009BD40F /* avatar-heshang.png in Resources */,
				EC9F085B1A2D96AB000CA332 /* Main.storyboard in Resources */,
				EC9F08861A2DA2AF000CA332 /* talk_pop_l_nor@2x.png in Resources */,
				EC9F08871A2DA2AF000CA332 /* talk_pop_l_p@2x.png in Resources */,
				EC9F08891A2DA2AF000CA332 /* talk_pop_r_p@2x.png in Resources */,
				EC9F08601A2D96AB000CA332 /* LaunchScreen.xib in Resources */,
				EC9F085D1A2D96AB000CA332 /* Images.xcassets in Resources */,
				ECAC8E071A347B6100AEDAF0 /* picture-2.png in Resources */,
				EC9F08881A2DA2AF000CA332 /* talk_pop_r_nor@2x.png in Resources */,
				EC3B59A41A318A2700738865 /* picture-1.png in Resources */,
				ECAC8E001A34738900AEDAF0 /* talk_pop_l_mask@2x.png in Resources */,
				EC27456E1A3058A2009BD40F /* avatar-women.png in Resources */,
			);
			runOnlyForDeploymentPostprocessing = 0;
		};
/* End PBXResourcesBuildPhase section */

/* Begin PBXSourcesBuildPhase section */
		EC9F084C1A2D96AB000CA332 /* Sources */ = {
			isa = PBXSourcesBuildPhase;
			buildActionMask = 2147483647;
			files = (
				EC9F08581A2D96AB000CA332 /* ViewController.swift in Sources */,
				EC9F08791A2D9735000CA332 /* ChatTableViewCellTemplate.m in Sources */,
				ECAC8DD91A329C8700AEDAF0 /* ChatBubbleImageCell.m in Sources */,
				EC3B59AA1A31B29B00738865 /* ChatBubbleTextCell.m in Sources */,
				EC9F087F1A2D9FC7000CA332 /* ChatCellTextMessage.m in Sources */,
				EC3B59A21A3183EE00738865 /* ChatCellImageMessage.m in Sources */,
				EC3B599F1A315A4B00738865 /* ChatCellMessage.m in Sources */,
				ECADBBF81A3549B000B5B399 /* UIImage+Utils.m in Sources */,
				EC9F087C1A2D9997000CA332 /* ChatViewController.m in Sources */,
				EC9F08561A2D96AB000CA332 /* AppDelegate.swift in Sources */,
				ECADBBF71A3549B000B5B399 /* UIImage+Resize.m in Sources */,
			);
			runOnlyForDeploymentPostprocessing = 0;
		};
/* End PBXSourcesBuildPhase section */

/* Begin PBXVariantGroup section */
		EC9F08591A2D96AB000CA332 /* Main.storyboard */ = {
			isa = PBXVariantGroup;
			children = (
				EC9F085A1A2D96AB000CA332 /* Base */,
			);
			name = Main.storyboard;
			sourceTree = "<group>";
		};
		EC9F085E1A2D96AB000CA332 /* LaunchScreen.xib */ = {
			isa = PBXVariantGroup;
			children = (
				EC9F085F1A2D96AB000CA332 /* Base */,
			);
			name = LaunchScreen.xib;
			sourceTree = "<group>";
		};
/* End PBXVariantGroup section */

/* Begin XCBuildConfiguration section */
		EC9F086D1A2D96AB000CA332 /* Debug */ = {
			isa = XCBuildConfiguration;
			buildSettings = {
				ALWAYS_SEARCH_USER_PATHS = NO;
				CLANG_CXX_LANGUAGE_STANDARD = "gnu++0x";
				CLANG_CXX_LIBRARY = "libc++";
				CLANG_ENABLE_MODULES = YES;
				CLANG_ENABLE_OBJC_ARC = YES;
				CLANG_WARN_BOOL_CONVERSION = YES;
				CLANG_WARN_CONSTANT_CONVERSION = YES;
				CLANG_WARN_DIRECT_OBJC_ISA_USAGE = YES_ERROR;
				CLANG_WARN_EMPTY_BODY = YES;
				CLANG_WARN_ENUM_CONVERSION = YES;
				CLANG_WARN_INT_CONVERSION = YES;
				CLANG_WARN_OBJC_ROOT_CLASS = YES_ERROR;
				CLANG_WARN_UNREACHABLE_CODE = YES;
				CLANG_WARN__DUPLICATE_METHOD_MATCH = YES;
				"CODE_SIGN_IDENTITY[sdk=iphoneos*]" = "iPhone Developer";
				COPY_PHASE_STRIP = NO;
				ENABLE_STRICT_OBJC_MSGSEND = YES;
				GCC_C_LANGUAGE_STANDARD = gnu99;
				GCC_DYNAMIC_NO_PIC = NO;
				GCC_OPTIMIZATION_LEVEL = 0;
				GCC_PREPROCESSOR_DEFINITIONS = (
					"DEBUG=1",
					"$(inherited)",
				);
				GCC_SYMBOLS_PRIVATE_EXTERN = NO;
				GCC_WARN_64_TO_32_BIT_CONVERSION = YES;
				GCC_WARN_ABOUT_RETURN_TYPE = YES_ERROR;
				GCC_WARN_UNDECLARED_SELECTOR = YES;
				GCC_WARN_UNINITIALIZED_AUTOS = YES_AGGRESSIVE;
				GCC_WARN_UNUSED_FUNCTION = YES;
				GCC_WARN_UNUSED_VARIABLE = YES;
				IPHONEOS_DEPLOYMENT_TARGET = 7.1;
				MTL_ENABLE_DEBUG_INFO = YES;
				ONLY_ACTIVE_ARCH = YES;
				SDKROOT = iphoneos;
				SWIFT_OPTIMIZATION_LEVEL = "-Onone";
			};
			name = Debug;
		};
		EC9F086E1A2D96AB000CA332 /* Release */ = {
			isa = XCBuildConfiguration;
			buildSettings = {
				ALWAYS_SEARCH_USER_PATHS = NO;
				CLANG_CXX_LANGUAGE_STANDARD = "gnu++0x";
				CLANG_CXX_LIBRARY = "libc++";
				CLANG_ENABLE_MODULES = YES;
				CLANG_ENABLE_OBJC_ARC = YES;
				CLANG_WARN_BOOL_CONVERSION = YES;
				CLANG_WARN_CONSTANT_CONVERSION = YES;
				CLANG_WARN_DIRECT_OBJC_ISA_USAGE = YES_ERROR;
				CLANG_WARN_EMPTY_BODY = YES;
				CLANG_WARN_ENUM_CONVERSION = YES;
				CLANG_WARN_INT_CONVERSION = YES;
				CLANG_WARN_OBJC_ROOT_CLASS = YES_ERROR;
				CLANG_WARN_UNREACHABLE_CODE = YES;
				CLANG_WARN__DUPLICATE_METHOD_MATCH = YES;
				"CODE_SIGN_IDENTITY[sdk=iphoneos*]" = "iPhone Developer";
				COPY_PHASE_STRIP = YES;
				ENABLE_NS_ASSERTIONS = NO;
				ENABLE_STRICT_OBJC_MSGSEND = YES;
				GCC_C_LANGUAGE_STANDARD = gnu99;
				GCC_WARN_64_TO_32_BIT_CONVERSION = YES;
				GCC_WARN_ABOUT_RETURN_TYPE = YES_ERROR;
				GCC_WARN_UNDECLARED_SELECTOR = YES;
				GCC_WARN_UNINITIALIZED_AUTOS = YES_AGGRESSIVE;
				GCC_WARN_UNUSED_FUNCTION = YES;
				GCC_WARN_UNUSED_VARIABLE = YES;
				IPHONEOS_DEPLOYMENT_TARGET = 7.1;
				MTL_ENABLE_DEBUG_INFO = NO;
				SDKROOT = iphoneos;
				VALIDATE_PRODUCT = YES;
			};
			name = Release;
		};
		EC9F08701A2D96AB000CA332 /* Debug */ = {
			isa = XCBuildConfiguration;
			buildSettings = {
				ASSETCATALOG_COMPILER_APPICON_NAME = AppIcon;
				CLANG_ENABLE_MODULES = YES;
				INFOPLIST_FILE = ChatDemo/Info.plist;
				LD_RUNPATH_SEARCH_PATHS = "$(inherited) @executable_path/Frameworks";
				PRODUCT_NAME = "$(TARGET_NAME)";
				SWIFT_OBJC_BRIDGING_HEADER = "ChatDemo/Bridging-Header.h";
				SWIFT_OPTIMIZATION_LEVEL = "-Onone";
			};
			name = Debug;
		};
		EC9F08711A2D96AB000CA332 /* Release */ = {
			isa = XCBuildConfiguration;
			buildSettings = {
				ASSETCATALOG_COMPILER_APPICON_NAME = AppIcon;
				CLANG_ENABLE_MODULES = YES;
				INFOPLIST_FILE = ChatDemo/Info.plist;
				LD_RUNPATH_SEARCH_PATHS = "$(inherited) @executable_path/Frameworks";
				PRODUCT_NAME = "$(TARGET_NAME)";
				SWIFT_OBJC_BRIDGING_HEADER = "ChatDemo/Bridging-Header.h";
			};
			name = Release;
		};
/* End XCBuildConfiguration section */

/* Begin XCConfigurationList section */
		EC9F084B1A2D96AB000CA332 /* Build configuration list for PBXProject "ChatDemo" */ = {
			isa = XCConfigurationList;
			buildConfigurations = (
				EC9F086D1A2D96AB000CA332 /* Debug */,
				EC9F086E1A2D96AB000CA332 /* Release */,
			);
			defaultConfigurationIsVisible = 0;
			defaultConfigurationName = Release;
		};
		EC9F086F1A2D96AB000CA332 /* Build configuration list for PBXNativeTarget "ChatDemo" */ = {
			isa = XCConfigurationList;
			buildConfigurations = (
				EC9F08701A2D96AB000CA332 /* Debug */,
				EC9F08711A2D96AB000CA332 /* Release */,
			);
			defaultConfigurationIsVisible = 0;
			defaultConfigurationName = Release;
		};
/* End XCConfigurationList section */
	};
	rootObject = EC9F08481A2D96AB000CA332 /* Project object */;
}
